
Microsoft Visual Studio Solution File, Format Version 12.00
# Visual Studio Version 17
VisualStudioVersion = 17.1.32228.430
MinimumVisualStudioVersion = 10.0.40219.1
Project("{FAE04EC0-301F-11D3-BF4B-00C04F79EFBC}") = "WebPKill", "WebPKill\WebPKill.csproj", "{61B469AC-2764-48B7-86BC-6D5CDE0794DD}"
EndProject
Global
	GlobalSection(SolutionConfigurationPlatforms) = preSolution
		Debug|Any CPU = Debug|Any CPU
		Release|Any CPU = Release|Any CPU
	EndGlobalSection
	GlobalSection(ProjectConfigurationPlatforms) = postSolution
		{61B469AC-2764-48B7-86BC-6D5CDE0794DD}.Debug|Any CPU.ActiveCfg = Debug|Any CPU
		{61B469AC-2764-48B7-86BC-6D5CDE0794DD}.Debug|Any CPU.Build.0 = Debug|Any CPU
		{61B469AC-2764-48B7-86BC-6D5CDE0794DD}.Release|Any CPU.ActiveCfg = Release|Any CPU
		{61B469AC-2764-48B7-86BC-6D5CDE0794DD}.Release|Any CPU.Build.0 = Release|Any CPU
	EndGlobalSection
	GlobalSection(SolutionProperties) = preSolution
		HideSolutionNode = FALSE
	EndGlobalSection
	GlobalSection(ExtensibilityGlobals) = postSolution
		SolutionGuid = {86B87090-4030-49C7-B500-BC38B524AB50}
	EndGlobalSection
EndGlobal
